
Microsoft Visual Studio Solution File, Format Version 12.00
# Visual Studio 15
VisualStudioVersion = 15.0.27703.2035
MinimumVisualStudioVersion = 10.0.40219.1
Project("{FAE04EC0-301F-11D3-BF4B-00C04F79EFBC}") = "SQLfromConsole2", "SQLfromConsole2\SQLfromConsole2.csproj", "{B1AE337D-60A8-47D2-BD1A-8B31643CA76B}"
EndProject
Global
	GlobalSection(SolutionConfigurationPlatforms) = preSolution
		Debug|Any CPU = Debug|Any CPU
		Release|Any CPU = Release|Any CPU
	EndGlobalSection
	GlobalSection(ProjectConfigurationPlatforms) = postSolution
		{B1AE337D-60A8-47D2-BD1A-8B31643CA76B}.Debug|Any CPU.ActiveCfg = Debug|Any CPU
		{B1AE337D-60A8-47D2-BD1A-8B31643CA76B}.Debug|Any CPU.Build.0 = Debug|Any CPU
		{B1AE337D-60A8-47D2-BD1A-8B31643CA76B}.Release|Any CPU.ActiveCfg = Release|Any CPU
		{B1AE337D-60A8-47D2-BD1A-8B31643CA76B}.Release|Any CPU.Build.0 = Release|Any CPU
	EndGlobalSection
	GlobalSection(SolutionProperties) = preSolution
		HideSolutionNode = FALSE
	EndGlobalSection
	GlobalSection(ExtensibilityGlobals) = postSolution
		SolutionGuid = {AF774004-6E94-4009-9978-1A9AD0EA5041}
	EndGlobalSection
EndGlobal
