
Microsoft Visual Studio Solution File, Format Version 12.00
# Visual Studio 15
VisualStudioVersion = 15.0.27703.2035
MinimumVisualStudioVersion = 10.0.40219.1
Project("{FAE04EC0-301F-11D3-BF4B-00C04F79EFBC}") = "StringBuilderDemo", "StringBuilderDemo\StringBuilderDemo.csproj", "{C5386EF0-9DE3-4EC8-9FBB-0811DB30F875}"
EndProject
Global
	GlobalSection(SolutionConfigurationPlatforms) = preSolution
		Debug|Any CPU = Debug|Any CPU
		Release|Any CPU = Release|Any CPU
	EndGlobalSection
	GlobalSection(ProjectConfigurationPlatforms) = postSolution
		{C5386EF0-9DE3-4EC8-9FBB-0811DB30F875}.Debug|Any CPU.ActiveCfg = Debug|Any CPU
		{C5386EF0-9DE3-4EC8-9FBB-0811DB30F875}.Debug|Any CPU.Build.0 = Debug|Any CPU
		{C5386EF0-9DE3-4EC8-9FBB-0811DB30F875}.Release|Any CPU.ActiveCfg = Release|Any CPU
		{C5386EF0-9DE3-4EC8-9FBB-0811DB30F875}.Release|Any CPU.Build.0 = Release|Any CPU
	EndGlobalSection
	GlobalSection(SolutionProperties) = preSolution
		HideSolutionNode = FALSE
	EndGlobalSection
	GlobalSection(ExtensibilityGlobals) = postSolution
		SolutionGuid = {CA389229-CF54-4C8F-B6EA-3107D02CE718}
	EndGlobalSection
EndGlobal
