
Microsoft Visual Studio Solution File, Format Version 12.00
# Visual Studio 15
VisualStudioVersion = 15.0.27703.2035
MinimumVisualStudioVersion = 10.0.40219.1
Project("{FAE04EC0-301F-11D3-BF4B-00C04F79EFBC}") = "SQLFromConsole", "SQLFromConsole\SQLFromConsole.csproj", "{69973B09-4E00-44E5-91F7-284080E14068}"
EndProject
Global
	GlobalSection(SolutionConfigurationPlatforms) = preSolution
		Debug|Any CPU = Debug|Any CPU
		Release|Any CPU = Release|Any CPU
	EndGlobalSection
	GlobalSection(ProjectConfigurationPlatforms) = postSolution
		{69973B09-4E00-44E5-91F7-284080E14068}.Debug|Any CPU.ActiveCfg = Debug|Any CPU
		{69973B09-4E00-44E5-91F7-284080E14068}.Debug|Any CPU.Build.0 = Debug|Any CPU
		{69973B09-4E00-44E5-91F7-284080E14068}.Release|Any CPU.ActiveCfg = Release|Any CPU
		{69973B09-4E00-44E5-91F7-284080E14068}.Release|Any CPU.Build.0 = Release|Any CPU
	EndGlobalSection
	GlobalSection(SolutionProperties) = preSolution
		HideSolutionNode = FALSE
	EndGlobalSection
	GlobalSection(ExtensibilityGlobals) = postSolution
		SolutionGuid = {419422C2-A990-4F0A-A530-8098547B906A}
	EndGlobalSection
EndGlobal
