
Microsoft Visual Studio Solution File, Format Version 12.00
# Visual Studio 15
VisualStudioVersion = 15.0.27703.2035
MinimumVisualStudioVersion = 10.0.40219.1
Project("{FAE04EC0-301F-11D3-BF4B-00C04F79EFBC}") = "Conditionals", "Conditionals\Conditionals.csproj", "{802A8CBF-D851-467E-836A-164EBCA113DC}"
EndProject
Global
	GlobalSection(SolutionConfigurationPlatforms) = preSolution
		Debug|Any CPU = Debug|Any CPU
		Release|Any CPU = Release|Any CPU
	EndGlobalSection
	GlobalSection(ProjectConfigurationPlatforms) = postSolution
		{802A8CBF-D851-467E-836A-164EBCA113DC}.Debug|Any CPU.ActiveCfg = Debug|Any CPU
		{802A8CBF-D851-467E-836A-164EBCA113DC}.Debug|Any CPU.Build.0 = Debug|Any CPU
		{802A8CBF-D851-467E-836A-164EBCA113DC}.Release|Any CPU.ActiveCfg = Release|Any CPU
		{802A8CBF-D851-467E-836A-164EBCA113DC}.Release|Any CPU.Build.0 = Release|Any CPU
	EndGlobalSection
	GlobalSection(SolutionProperties) = preSolution
		HideSolutionNode = FALSE
	EndGlobalSection
	GlobalSection(ExtensibilityGlobals) = postSolution
		SolutionGuid = {09077DBC-1494-4785-A7AA-7490B48D3960}
	EndGlobalSection
EndGlobal
