
Microsoft Visual Studio Solution File, Format Version 12.00
# Visual Studio 15
VisualStudioVersion = 15.0.28010.2016
MinimumVisualStudioVersion = 10.0.40219.1
Project("{FAE04EC0-301F-11D3-BF4B-00C04F79EFBC}") = "DelegateDemo", "DelegateDemo\DelegateDemo.csproj", "{C838377F-2A9B-49A4-BC22-AE7DEE179BCB}"
EndProject
Global
	GlobalSection(SolutionConfigurationPlatforms) = preSolution
		Debug|Any CPU = Debug|Any CPU
		Release|Any CPU = Release|Any CPU
	EndGlobalSection
	GlobalSection(ProjectConfigurationPlatforms) = postSolution
		{C838377F-2A9B-49A4-BC22-AE7DEE179BCB}.Debug|Any CPU.ActiveCfg = Debug|Any CPU
		{C838377F-2A9B-49A4-BC22-AE7DEE179BCB}.Debug|Any CPU.Build.0 = Debug|Any CPU
		{C838377F-2A9B-49A4-BC22-AE7DEE179BCB}.Release|Any CPU.ActiveCfg = Release|Any CPU
		{C838377F-2A9B-49A4-BC22-AE7DEE179BCB}.Release|Any CPU.Build.0 = Release|Any CPU
	EndGlobalSection
	GlobalSection(SolutionProperties) = preSolution
		HideSolutionNode = FALSE
	EndGlobalSection
	GlobalSection(ExtensibilityGlobals) = postSolution
		SolutionGuid = {6E52FFA7-E9DB-42CC-8779-D24160A76F29}
	EndGlobalSection
EndGlobal
